
Microsoft Visual Studio Solution File, Format Version 12.00
# Visual Studio Version 17
VisualStudioVersion = 17.14.36518.9
MinimumVisualStudioVersion = 10.0.40219.1
Project("{8BC9CEB8-8B4A-11D0-8D11-00A0C91BC942}") = "2513730_NguyenPhuocLoc_Lab01_LT_Bai02", "2513730_NguyenPhuocLoc_Lab01_LT_Bai02\2513730_NguyenPhuocLoc_Lab01_LT_Bai02.vcxproj", "{0EF83493-199E-41A0-A2C5-27B0B4EBA804}"
EndProject
Project("{8BC9CEB8-8B4A-11D0-8D11-00A0C91BC942}") = "2513730_NguyenPhuocLoc_Lab01_LT_Bai03", "2513730_NguyenPhuocLoc_Lab01_LT_Bai03\2513730_NguyenPhuocLoc_Lab01_LT_Bai03.vcxproj", "{3FF0250F-EBF1-4979-87FB-4648C52F761E}"
EndProject
Project("{8BC9CEB8-8B4A-11D0-8D11-00A0C91BC942}") = "2513730_NguyenPhuocLoc_Lab01_LT_Bai04", "2513730_NguyenPhuocLoc_Lab01_LT_Bai04\2513730_NguyenPhuocLoc_Lab01_LT_Bai04.vcxproj", "{CA32E395-F922-4A1B-853B-B353A39EEB85}"
EndProject
Project("{8BC9CEB8-8B4A-11D0-8D11-00A0C91BC942}") = "2513730_NguyenPhuocLoc_Lab01_LT_Bai05", "2513730_NguyenPhuocLoc_Lab01_LT_Bai05\2513730_NguyenPhuocLoc_Lab01_LT_Bai05.vcxproj", "{0873935D-9687-4E32-A130-B968B5CA46F1}"
EndProject
Project("{8BC9CEB8-8B4A-11D0-8D11-00A0C91BC942}") = "2513730_NguyenPhuocLoc_Lab01_LT_Bai06", "2513730_NguyenPhuocLoc_Lab01_LT_Bai06\2513730_NguyenPhuocLoc_Lab01_LT_Bai06.vcxproj", "{19F1A233-E27F-423F-A813-7D73A3FF7AF8}"
EndProject
Project("{8BC9CEB8-8B4A-11D0-8D11-00A0C91BC942}") = "2513730_NguyenPhuocLoc_Lab01_LT_Bai07", "2513730_NguyenPhuocLoc_Lab01_LT_Bai07\2513730_NguyenPhuocLoc_Lab01_LT_Bai07.vcxproj", "{CE797EE3-8975-428B-9795-0C16E53883D0}"
EndProject
Project("{8BC9CEB8-8B4A-11D0-8D11-00A0C91BC942}") = "2513730_NguyenPhuocLoc_Lab01_LT_Bai08", "2513730_NguyenPhuocLoc_Lab01_LT_Bai08\2513730_NguyenPhuocLoc_Lab01_LT_Bai08.vcxproj", "{6E73B834-3FAB-4746-AF45-98D770FAF10A}"
EndProject
Project("{8BC9CEB8-8B4A-11D0-8D11-00A0C91BC942}") = "2513730_NguyenPhuocLoc_Lab01_LT_Bai09", "2513730_NguyenPhuocLoc_Lab01_LT_Bai09\2513730_NguyenPhuocLoc_Lab01_LT_Bai09.vcxproj", "{0F39BB2A-AD45-4681-8156-8508008CD179}"
EndProject
Project("{8BC9CEB8-8B4A-11D0-8D11-00A0C91BC942}") = "2513730_NguyenPhuocLoc_Lab01_LT_Bai10", "2513730_NguyenPhuocLoc_Lab01_LT_Bai10\2513730_NguyenPhuocLoc_Lab01_LT_Bai10.vcxproj", "{378D3D13-EACC-4D11-859D-3D58C2CC16F1}"
EndProject
Project("{8BC9CEB8-8B4A-11D0-8D11-00A0C91BC942}") = "2513730_NguyenPhuocLoc_Lab01_LT_Bai01", "2513730_NguyenPhuocLoc_Lab01_LT_Bai01\2513730_NguyenPhuocLoc_Lab01_LT_Bai01.vcxproj", "{8B9571D7-8762-470F-AC33-29A00A500483}"
EndProject
Global
	GlobalSection(SolutionConfigurationPlatforms) = preSolution
		Debug|x64 = Debug|x64
		Debug|x86 = Debug|x86
		Release|x64 = Release|x64
		Release|x86 = Release|x86
	EndGlobalSection
	GlobalSection(ProjectConfigurationPlatforms) = postSolution
		{0EF83493-199E-41A0-A2C5-27B0B4EBA804}.Debug|x64.ActiveCfg = Debug|x64
		{0EF83493-199E-41A0-A2C5-27B0B4EBA804}.Debug|x64.Build.0 = Debug|x64
		{0EF83493-199E-41A0-A2C5-27B0B4EBA804}.Debug|x86.ActiveCfg = Debug|Win32
		{0EF83493-199E-41A0-A2C5-27B0B4EBA804}.Debug|x86.Build.0 = Debug|Win32
		{0EF83493-199E-41A0-A2C5-27B0B4EBA804}.Release|x64.ActiveCfg = Release|x64
		{0EF83493-199E-41A0-A2C5-27B0B4EBA804}.Release|x64.Build.0 = Release|x64
		{0EF83493-199E-41A0-A2C5-27B0B4EBA804}.Release|x86.ActiveCfg = Release|Win32
		{0EF83493-199E-41A0-A2C5-27B0B4EBA804}.Release|x86.Build.0 = Release|Win32
		{3FF0250F-EBF1-4979-87FB-4648C52F761E}.Debug|x64.ActiveCfg = Debug|x64
		{3FF0250F-EBF1-4979-87FB-4648C52F761E}.Debug|x64.Build.0 = Debug|x64
		{3FF0250F-EBF1-4979-87FB-4648C52F761E}.Debug|x86.ActiveCfg = Debug|Win32
		{3FF0250F-EBF1-4979-87FB-4648C52F761E}.Debug|x86.Build.0 = Debug|Win32
		{3FF0250F-EBF1-4979-87FB-4648C52F761E}.Release|x64.ActiveCfg = Release|x64
		{3FF0250F-EBF1-4979-87FB-4648C52F761E}.Release|x64.Build.0 = Release|x64
		{3FF0250F-EBF1-4979-87FB-4648C52F761E}.Release|x86.ActiveCfg = Release|Win32
		{3FF0250F-EBF1-4979-87FB-4648C52F761E}.Release|x86.Build.0 = Release|Win32
		{CA32E395-F922-4A1B-853B-B353A39EEB85}.Debug|x64.ActiveCfg = Debug|x64
		{CA32E395-F922-4A1B-853B-B353A39EEB85}.Debug|x64.Build.0 = Debug|x64
		{CA32E395-F922-4A1B-853B-B353A39EEB85}.Debug|x86.ActiveCfg = Debug|Win32
		{CA32E395-F922-4A1B-853B-B353A39EEB85}.Debug|x86.Build.0 = Debug|Win32
		{CA32E395-F922-4A1B-853B-B353A39EEB85}.Release|x64.ActiveCfg = Release|x64
		{CA32E395-F922-4A1B-853B-B353A39EEB85}.Release|x64.Build.0 = Release|x64
		{CA32E395-F922-4A1B-853B-B353A39EEB85}.Release|x86.ActiveCfg = Release|Win32
		{CA32E395-F922-4A1B-853B-B353A39EEB85}.Release|x86.Build.0 = Release|Win32
		{0873935D-9687-4E32-A130-B968B5CA46F1}.Debug|x64.ActiveCfg = Debug|x64
		{0873935D-9687-4E32-A130-B968B5CA46F1}.Debug|x64.Build.0 = Debug|x64
		{0873935D-9687-4E32-A130-B968B5CA46F1}.Debug|x86.ActiveCfg = Debug|Win32
		{0873935D-9687-4E32-A130-B968B5CA46F1}.Debug|x86.Build.0 = Debug|Win32
		{0873935D-9687-4E32-A130-B968B5CA46F1}.Release|x64.ActiveCfg = Release|x64
		{0873935D-9687-4E32-A130-B968B5CA46F1}.Release|x64.Build.0 = Release|x64
		{0873935D-9687-4E32-A130-B968B5CA46F1}.Release|x86.ActiveCfg = Release|Win32
		{0873935D-9687-4E32-A130-B968B5CA46F1}.Release|x86.Build.0 = Release|Win32
		{19F1A233-E27F-423F-A813-7D73A3FF7AF8}.Debug|x64.ActiveCfg = Debug|x64
		{19F1A233-E27F-423F-A813-7D73A3FF7AF8}.Debug|x64.Build.0 = Debug|x64
		{19F1A233-E27F-423F-A813-7D73A3FF7AF8}.Debug|x86.ActiveCfg = Debug|Win32
		{19F1A233-E27F-423F-A813-7D73A3FF7AF8}.Debug|x86.Build.0 = Debug|Win32
		{19F1A233-E27F-423F-A813-7D73A3FF7AF8}.Release|x64.ActiveCfg = Release|x64
		{19F1A233-E27F-423F-A813-7D73A3FF7AF8}.Release|x64.Build.0 = Release|x64
		{19F1A233-E27F-423F-A813-7D73A3FF7AF8}.Release|x86.ActiveCfg = Release|Win32
		{19F1A233-E27F-423F-A813-7D73A3FF7AF8}.Release|x86.Build.0 = Release|Win32
		{CE797EE3-8975-428B-9795-0C16E53883D0}.Debug|x64.ActiveCfg = Debug|x64
		{CE797EE3-8975-428B-9795-0C16E53883D0}.Debug|x64.Build.0 = Debug|x64
		{CE797EE3-8975-428B-9795-0C16E53883D0}.Debug|x86.ActiveCfg = Debug|Win32
		{CE797EE3-8975-428B-9795-0C16E53883D0}.Debug|x86.Build.0 = Debug|Win32
		{CE797EE3-8975-428B-9795-0C16E53883D0}.Release|x64.ActiveCfg = Release|x64
		{CE797EE3-8975-428B-9795-0C16E53883D0}.Release|x64.Build.0 = Release|x64
		{CE797EE3-8975-428B-9795-0C16E53883D0}.Release|x86.ActiveCfg = Release|Win32
		{CE797EE3-8975-428B-9795-0C16E53883D0}.Release|x86.Build.0 = Release|Win32
		{6E73B834-3FAB-4746-AF45-98D770FAF10A}.Debug|x64.ActiveCfg = Debug|x64
		{6E73B834-3FAB-4746-AF45-98D770FAF10A}.Debug|x64.Build.0 = Debug|x64
		{6E73B834-3FAB-4746-AF45-98D770FAF10A}.Debug|x86.ActiveCfg = Debug|Win32
		{6E73B834-3FAB-4746-AF45-98D770FAF10A}.Debug|x86.Build.0 = Debug|Win32
		{6E73B834-3FAB-4746-AF45-98D770FAF10A}.Release|x64.ActiveCfg = Release|x64
		{6E73B834-3FAB-4746-AF45-98D770FAF10A}.Release|x64.Build.0 = Release|x64
		{6E73B834-3FAB-4746-AF45-98D770FAF10A}.Release|x86.ActiveCfg = Release|Win32
		{6E73B834-3FAB-4746-AF45-98D770FAF10A}.Release|x86.Build.0 = Release|Win32
		{0F39BB2A-AD45-4681-8156-8508008CD179}.Debug|x64.ActiveCfg = Debug|x64
		{0F39BB2A-AD45-4681-8156-8508008CD179}.Debug|x64.Build.0 = Debug|x64
		{0F39BB2A-AD45-4681-8156-8508008CD179}.Debug|x86.ActiveCfg = Debug|Win32
		{0F39BB2A-AD45-4681-8156-8508008CD179}.Debug|x86.Build.0 = Debug|Win32
		{0F39BB2A-AD45-4681-8156-8508008CD179}.Release|x64.ActiveCfg = Release|x64
		{0F39BB2A-AD45-4681-8156-8508008CD179}.Release|x64.Build.0 = Release|x64
		{0F39BB2A-AD45-4681-8156-8508008CD179}.Release|x86.ActiveCfg = Release|Win32
		{0F39BB2A-AD45-4681-8156-8508008CD179}.Release|x86.Build.0 = Release|Win32
		{378D3D13-EACC-4D11-859D-3D58C2CC16F1}.Debug|x64.ActiveCfg = Debug|x64
		{378D3D13-EACC-4D11-859D-3D58C2CC16F1}.Debug|x64.Build.0 = Debug|x64
		{378D3D13-EACC-4D11-859D-3D58C2CC16F1}.Debug|x86.ActiveCfg = Debug|Win32
		{378D3D13-EACC-4D11-859D-3D58C2CC16F1}.Debug|x86.Build.0 = Debug|Win32
		{378D3D13-EACC-4D11-859D-3D58C2CC16F1}.Release|x64.ActiveCfg = Release|x64
		{378D3D13-EACC-4D11-859D-3D58C2CC16F1}.Release|x64.Build.0 = Release|x64
		{378D3D13-EACC-4D11-859D-3D58C2CC16F1}.Release|x86.ActiveCfg = Release|Win32
		{378D3D13-EACC-4D11-859D-3D58C2CC16F1}.Release|x86.Build.0 = Release|Win32
		{8B9571D7-8762-470F-AC33-29A00A500483}.Debug|x64.ActiveCfg = Debug|x64
		{8B9571D7-8762-470F-AC33-29A00A500483}.Debug|x64.Build.0 = Debug|x64
		{8B9571D7-8762-470F-AC33-29A00A500483}.Debug|x86.ActiveCfg = Debug|Win32
		{8B9571D7-8762-470F-AC33-29A00A500483}.Debug|x86.Build.0 = Debug|Win32
		{8B9571D7-8762-470F-AC33-29A00A500483}.Release|x64.ActiveCfg = Release|x64
		{8B9571D7-8762-470F-AC33-29A00A500483}.Release|x64.Build.0 = Release|x64
		{8B9571D7-8762-470F-AC33-29A00A500483}.Release|x86.ActiveCfg = Release|Win32
		{8B9571D7-8762-470F-AC33-29A00A500483}.Release|x86.Build.0 = Release|Win32
	EndGlobalSection
	GlobalSection(SolutionProperties) = preSolution
		HideSolutionNode = FALSE
	EndGlobalSection
	GlobalSection(ExtensibilityGlobals) = postSolution
		SolutionGuid = {34F67A0C-706D-4BDE-B5A9-CD3AC82DBA74}
	EndGlobalSection
EndGlobal
